<?xml version="1.0" encoding="utf-8"?>
<Project ToolsVersion="4.0" xmlns="http://schemas.microsoft.com/developer/msbuild/2003">
  <ItemGroup>
    <FxCompile Include="src/TestPixelShader.hlsl">
      <Filter>Source Files</Filter>
    </FxCompile>
    <FxCompile Include="src/TestVertexShader.hlsl">
      <Filter>Source Files</Filter>
    </FxCompile>
  </ItemGroup>
  <ItemGroup>
    <ClCompile Include="src/DirectXDevice.cpp">
      <Filter>Source Files</Filter>
    </ClCompile>
    <ClCompile Include="src/DirectXImage.cpp">
      <Filter>Source Files</Filter>
    </ClCompile>
    <ClCompile Include="src/DirectXRenderer.cpp">
      <Filter>Source Files</Filter>
    </ClCompile>
    <ClCompile Include="src/DirectXTexture.cpp">
      <Filter>Source Files</Filter>
    </ClCompile>
    <ClCompile Include="src/DocumentWindow.cpp">
      <Filter>Source Files</Filter>
    </ClCompile>
    <ClCompile Include="src/Drawable.cpp">
      <Filter>Source Files</Filter>
    </ClCompile>
    <ClCompile Include="src/FileReader.cpp">
      <Filter>Source Files</Filter>
    </ClCompile>
    <ClCompile Include="src/glew.c">
      <Filter>Source Files</Filter>
    </ClCompile>
    <ClCompile Include="src/OpenGLRenderer.cpp">
      <Filter>Source Files</Filter>
    </ClCompile>
    <ClCompile Include="src/OpenGLTexture.cpp">
      <Filter>Source Files</Filter>
    </ClCompile>
    <ClCompile Include="src/Renderer.cpp">
      <Filter>Source Files</Filter>
    </ClCompile>
    <ClCompile Include="src/stdafx.cpp">
      <Filter>Source Files</Filter>
    </ClCompile>
    <ClCompile Include="src/VertexShader.cpp">
      <Filter>Source Files</Filter>
    </ClCompile>
    <ClCompile Include="src\OpenGLProgram.cpp">
      <Filter>Source Files</Filter>
    </ClCompile>
    <ClCompile Include="src\OpenGLImage.cpp">
      <Filter>Source Files</Filter>
    </ClCompile>
  </ItemGroup>
  <ItemGroup>
    <ClInclude Include="src/DirectXDevice.h">
      <Filter>Header Files</Filter>
    </ClInclude>
    <ClInclude Include="src/DirectXImage.h">
      <Filter>Header Files</Filter>
    </ClInclude>
    <ClInclude Include="src/DirectXRenderer.h">
      <Filter>Header Files</Filter>
    </ClInclude>
    <ClInclude Include="src/DirectXTexture.h">
      <Filter>Header Files</Filter>
    </ClInclude>
    <ClInclude Include="src/DocumentWindow.h">
      <Filter>Header Files</Filter>
    </ClInclude>
    <ClInclude Include="src/Drawable.h">
      <Filter>Header Files</Filter>
    </ClInclude>
    <ClInclude Include="src/FileReader.h">
      <Filter>Header Files</Filter>
    </ClInclude>
    <ClInclude Include="src/GL\glew.h">
      <Filter>Header Files</Filter>
    </ClInclude>
    <ClInclude Include="src/GL\wglew.h">
      <Filter>Header Files</Filter>
    </ClInclude>
    <ClInclude Include="src/OpenGLRenderer.h">
      <Filter>Header Files</Filter>
    </ClInclude>
    <ClInclude Include="src/OpenGLTexture.h">
      <Filter>Header Files</Filter>
    </ClInclude>
    <ClInclude Include="src/Renderer.h">
      <Filter>Header Files</Filter>
    </ClInclude>
    <ClInclude Include="src/Resource.h">
      <Filter>Header Files</Filter>
    </ClInclude>
    <ClInclude Include="src/stdafx.h">
      <Filter>Header Files</Filter>
    </ClInclude>
    <ClInclude Include="src/targetver.h">
      <Filter>Header Files</Filter>
    </ClInclude>
    <ClInclude Include="src/VertexShader.h">
      <Filter>Header Files</Filter>
    </ClInclude>
    <ClInclude Include="src\OpenGLProgram.h">
      <Filter>Header Files</Filter>
    </ClInclude>
    <ClInclude Include="src\OpenGLImage.h">
      <Filter>Header Files</Filter>
    </ClInclude>
    <ClInclude Include="src\TouchObject.h">
      <Filter>Header Files</Filter>
    </ClInclude>
  </ItemGroup>
  <ItemGroup>
    <Image Include="src/small.ico">
      <Filter>Resource Files</Filter>
    </Image>
    <Image Include="src/TouchEngineExample.ico">
      <Filter>Resource Files</Filter>
    </Image>
  </ItemGroup>
  <ItemGroup>
    <Filter Include="Header Files">
      <UniqueIdentifier>{d9816171-85d4-43b0-9194-f63f8b8cdd5a}</UniqueIdentifier>
      <Extensions>h;hh;hpp;hxx;hm;inl;inc;xsd</Extensions>
    </Filter>
    <Filter Include="Source Files">
      <UniqueIdentifier>{c0b24a6b-bae1-4fb1-90ce-a19dc32d56bf}</UniqueIdentifier>
      <Extensions>cpp;c;cc;cxx;def;odl;idl;hpj;bat;asm;asmx</Extensions>
    </Filter>
    <Filter Include="Resource Files">
      <UniqueIdentifier>{6c03c784-7519-4e9e-b70a-ee4949988ffd}</UniqueIdentifier>
      <Extensions>rc;ico;cur;bmp;dlg;rc2;rct;bin;rgs;gif;jpg;jpeg;jpe;resx;tiff;tif;png;wav;mfcribbon-ms</Extensions>
    </Filter>
  </ItemGroup>
  <ItemGroup>
    <ResourceCompile Include="src/TouchEngineExample.rc">
      <Filter>Resource Files</Filter>
    </ResourceCompile>
  </ItemGroup>
</Project>